// !$*UTF8*$!
{
	archiveVersion = 1;
	classes = {
	};
	objectVersion = 46;
	objects = {

/* Begin PBXBuildFile section */
		690E343E1D3972B000C284D5 /* GoogleService-Info.plist in Resources */ = {isa = PBXBuildFile; fileRef = 690E343D1D3972B000C284D5 /* GoogleService-Info.plist */; };
		694DB10E1D3976F400570A6B /* LoginViewController.swift in Sources */ = {isa = PBXBuildFile; fileRef = 694DB10A1D3976F400570A6B /* LoginViewController.swift */; };
		694DB1161D39775B00570A6B /* AppState.swift in Sources */ = {isa = PBXBuildFile; fileRef = 694DB1131D39775B00570A6B /* AppState.swift */; };
		694DB1171D39775B00570A6B /* Constants.swift in Sources */ = {isa = PBXBuildFile; fileRef = 694DB1141D39775B00570A6B /* Constants.swift */; };
		694DB1181D39775B00570A6B /* MeasurementHelper.swift in Sources */ = {isa = PBXBuildFile; fileRef = 694DB1151D39775B00570A6B /* MeasurementHelper.swift */; };
		694DB11B1D397E3A00570A6B /* LaunchScreen.xib in Resources */ = {isa = PBXBuildFile; fileRef = 694DB1191D397E3900570A6B /* LaunchScreen.xib */; };
		696287B31D3AED33000F94F2 /* SettingsTableViewController.swift in Sources */ = {isa = PBXBuildFile; fileRef = 696287B11D3AED33000F94F2 /* SettingsTableViewController.swift */; };
		696287BF1D3C8136000F94F2 /* FindFriendsTableViewCell.swift in Sources */ = {isa = PBXBuildFile; fileRef = 696287BE1D3C8136000F94F2 /* FindFriendsTableViewCell.swift */; };
		696287C51D3D4763000F94F2 /* FriendData.swift in Sources */ = {isa = PBXBuildFile; fileRef = 696287C41D3D4763000F94F2 /* FriendData.swift */; };
		697322901D4C5983000F512D /* ManagePartnerViewController.swift in Sources */ = {isa = PBXBuildFile; fileRef = 6973228F1D4C5983000F512D /* ManagePartnerViewController.swift */; };
		697322961D4C7374000F512D /* AddDeadlineViewController.swift in Sources */ = {isa = PBXBuildFile; fileRef = 697322951D4C7374000F512D /* AddDeadlineViewController.swift */; };
		697322981D4C739E000F512D /* DeadlinesListTableViewController.swift in Sources */ = {isa = PBXBuildFile; fileRef = 697322971D4C739E000F512D /* DeadlinesListTableViewController.swift */; };
		6973229B1D4C7408000F512D /* Deadline.swift in Sources */ = {isa = PBXBuildFile; fileRef = 697322991D4C7408000F512D /* Deadline.swift */; };
		6973229C1D4C7408000F512D /* DeadlinesTableViewCell.swift in Sources */ = {isa = PBXBuildFile; fileRef = 6973229A1D4C7408000F512D /* DeadlinesTableViewCell.swift */; };
		6989E3D11D396703003924EC /* AppDelegate.swift in Sources */ = {isa = PBXBuildFile; fileRef = 6989E3D01D396703003924EC /* AppDelegate.swift */; };
		6989E3D51D396703003924EC /* ChatViewController.swift in Sources */ = {isa = PBXBuildFile; fileRef = 6989E3D41D396703003924EC /* ChatViewController.swift */; };
		6989E3D81D396703003924EC /* Main.storyboard in Resources */ = {isa = PBXBuildFile; fileRef = 6989E3D61D396703003924EC /* Main.storyboard */; };
		6989E3DA1D396703003924EC /* Assets.xcassets in Resources */ = {isa = PBXBuildFile; fileRef = 6989E3D91D396703003924EC /* Assets.xcassets */; };
		6989E3E81D396703003924EC /* project_kaerus_firebaseTests.swift in Sources */ = {isa = PBXBuildFile; fileRef = 6989E3E71D396703003924EC /* project_kaerus_firebaseTests.swift */; };
		AD96B8849CE61CF128853A0A /* Pods_project_kaerus_firebase.framework in Frameworks */ = {isa = PBXBuildFile; fileRef = 872CD3B5D4DCD3678683729F /* Pods_project_kaerus_firebase.framework */; };
		FF214860D4F7733C24CC41C0 /* Pods_project_kaerus_firebaseTests.framework in Frameworks */ = {isa = PBXBuildFile; fileRef = B9EBD48FA057AD7DFA700BE7 /* Pods_project_kaerus_firebaseTests.framework */; };
/* End PBXBuildFile section */

/* Begin PBXContainerItemProxy section */
		6989E3E41D396703003924EC /* PBXContainerItemProxy */ = {
			isa = PBXContainerItemProxy;
			containerPortal = 6989E3C51D396703003924EC /* Project object */;
			proxyType = 1;
			remoteGlobalIDString = 6989E3CC1D396703003924EC;
			remoteInfo = "project-kaerus-firebase";
		};
/* End PBXContainerItemProxy section */

/* Begin PBXFileReference section */
		186C369AA16C5D6A9562B90A /* Pods-project-kaerus-firebaseTests.release.xcconfig */ = {isa = PBXFileReference; includeInIndex = 1; lastKnownFileType = text.xcconfig; name = "Pods-project-kaerus-firebaseTests.release.xcconfig"; path = "Pods/Target Support Files/Pods-project-kaerus-firebaseTests/Pods-project-kaerus-firebaseTests.release.xcconfig"; sourceTree = "<group>"; };
		4C6732AC67B779C1B229FB63 /* Pods-project-kaerus-firebase.debug.xcconfig */ = {isa = PBXFileReference; includeInIndex = 1; lastKnownFileType = text.xcconfig; name = "Pods-project-kaerus-firebase.debug.xcconfig"; path = "Pods/Target Support Files/Pods-project-kaerus-firebase/Pods-project-kaerus-firebase.debug.xcconfig"; sourceTree = "<group>"; };
		690E343D1D3972B000C284D5 /* GoogleService-Info.plist */ = {isa = PBXFileReference; fileEncoding = 4; lastKnownFileType = text.plist.xml; path = "GoogleService-Info.plist"; sourceTree = "<group>"; };
		694DB10A1D3976F400570A6B /* LoginViewController.swift */ = {isa = PBXFileReference; fileEncoding = 4; lastKnownFileType = sourcecode.swift; path = LoginViewController.swift; sourceTree = "<group>"; };
		694DB1131D39775B00570A6B /* AppState.swift */ = {isa = PBXFileReference; fileEncoding = 4; lastKnownFileType = sourcecode.swift; path = AppState.swift; sourceTree = "<group>"; };
		694DB1141D39775B00570A6B /* Constants.swift */ = {isa = PBXFileReference; fileEncoding = 4; lastKnownFileType = sourcecode.swift; path = Constants.swift; sourceTree = "<group>"; };
		694DB1151D39775B00570A6B /* MeasurementHelper.swift */ = {isa = PBXFileReference; fileEncoding = 4; lastKnownFileType = sourcecode.swift; path = MeasurementHelper.swift; sourceTree = "<group>"; };
		694DB11A1D397E3A00570A6B /* Base */ = {isa = PBXFileReference; lastKnownFileType = file.xib; name = Base; path = Base.lproj/LaunchScreen.xib; sourceTree = "<group>"; };
		696287B11D3AED33000F94F2 /* SettingsTableViewController.swift */ = {isa = PBXFileReference; fileEncoding = 4; lastKnownFileType = sourcecode.swift; path = SettingsTableViewController.swift; sourceTree = "<group>"; };
		696287BE1D3C8136000F94F2 /* FindFriendsTableViewCell.swift */ = {isa = PBXFileReference; fileEncoding = 4; lastKnownFileType = sourcecode.swift; path = FindFriendsTableViewCell.swift; sourceTree = "<group>"; };
		696287C41D3D4763000F94F2 /* FriendData.swift */ = {isa = PBXFileReference; fileEncoding = 4; lastKnownFileType = sourcecode.swift; path = FriendData.swift; sourceTree = "<group>"; };
		6973228F1D4C5983000F512D /* ManagePartnerViewController.swift */ = {isa = PBXFileReference; fileEncoding = 4; lastKnownFileType = sourcecode.swift; path = ManagePartnerViewController.swift; sourceTree = "<group>"; };
		697322951D4C7374000F512D /* AddDeadlineViewController.swift */ = {isa = PBXFileReference; fileEncoding = 4; lastKnownFileType = sourcecode.swift; path = AddDeadlineViewController.swift; sourceTree = "<group>"; };
		697322971D4C739E000F512D /* DeadlinesListTableViewController.swift */ = {isa = PBXFileReference; fileEncoding = 4; lastKnownFileType = sourcecode.swift; path = DeadlinesListTableViewController.swift; sourceTree = "<group>"; };
		697322991D4C7408000F512D /* Deadline.swift */ = {isa = PBXFileReference; fileEncoding = 4; lastKnownFileType = sourcecode.swift; path = Deadline.swift; sourceTree = "<group>"; };
		6973229A1D4C7408000F512D /* DeadlinesTableViewCell.swift */ = {isa = PBXFileReference; fileEncoding = 4; lastKnownFileType = sourcecode.swift; path = DeadlinesTableViewCell.swift; sourceTree = "<group>"; };
		6989E3CD1D396703003924EC /* project-kaerus-firebase.app */ = {isa = PBXFileReference; explicitFileType = wrapper.application; includeInIndex = 0; path = "project-kaerus-firebase.app"; sourceTree = BUILT_PRODUCTS_DIR; };
		6989E3D01D396703003924EC /* AppDelegate.swift */ = {isa = PBXFileReference; lastKnownFileType = sourcecode.swift; path = AppDelegate.swift; sourceTree = "<group>"; };
		6989E3D41D396703003924EC /* ChatViewController.swift */ = {isa = PBXFileReference; lastKnownFileType = sourcecode.swift; path = ChatViewController.swift; sourceTree = "<group>"; };
		6989E3D71D396703003924EC /* Base */ = {isa = PBXFileReference; lastKnownFileType = file.storyboard; name = Base; path = Base.lproj/Main.storyboard; sourceTree = "<group>"; };
		6989E3D91D396703003924EC /* Assets.xcassets */ = {isa = PBXFileReference; lastKnownFileType = folder.assetcatalog; path = Assets.xcassets; sourceTree = "<group>"; };
		6989E3DE1D396703003924EC /* Info.plist */ = {isa = PBXFileReference; lastKnownFileType = text.plist.xml; path = Info.plist; sourceTree = "<group>"; };
		6989E3E31D396703003924EC /* project-kaerus-firebaseTests.xctest */ = {isa = PBXFileReference; explicitFileType = wrapper.cfbundle; includeInIndex = 0; path = "project-kaerus-firebaseTests.xctest"; sourceTree = BUILT_PRODUCTS_DIR; };
		6989E3E71D396703003924EC /* project_kaerus_firebaseTests.swift */ = {isa = PBXFileReference; lastKnownFileType = sourcecode.swift; path = project_kaerus_firebaseTests.swift; sourceTree = "<group>"; };
		6989E3E91D396703003924EC /* Info.plist */ = {isa = PBXFileReference; lastKnownFileType = text.plist.xml; path = Info.plist; sourceTree = "<group>"; };
		872CD3B5D4DCD3678683729F /* Pods_project_kaerus_firebase.framework */ = {isa = PBXFileReference; explicitFileType = wrapper.framework; includeInIndex = 0; path = Pods_project_kaerus_firebase.framework; sourceTree = BUILT_PRODUCTS_DIR; };
		B9EBD48FA057AD7DFA700BE7 /* Pods_project_kaerus_firebaseTests.framework */ = {isa = PBXFileReference; explicitFileType = wrapper.framework; includeInIndex = 0; path = Pods_project_kaerus_firebaseTests.framework; sourceTree = BUILT_PRODUCTS_DIR; };
		D4D68677377F84113A90F3D9 /* Pods-project-kaerus-firebase.release.xcconfig */ = {isa = PBXFileReference; includeInIndex = 1; lastKnownFileType = text.xcconfig; name = "Pods-project-kaerus-firebase.release.xcconfig"; path = "Pods/Target Support Files/Pods-project-kaerus-firebase/Pods-project-kaerus-firebase.release.xcconfig"; sourceTree = "<group>"; };
		FB11A42E78FAC540F02CCE63 /* Pods-project-kaerus-firebaseTests.debug.xcconfig */ = {isa = PBXFileReference; includeInIndex = 1; lastKnownFileType = text.xcconfig; name = "Pods-project-kaerus-firebaseTests.debug.xcconfig"; path = "Pods/Target Support Files/Pods-project-kaerus-firebaseTests/Pods-project-kaerus-firebaseTests.debug.xcconfig"; sourceTree = "<group>"; };
/* End PBXFileReference section */

/* Begin PBXFrameworksBuildPhase section */
		6989E3CA1D396703003924EC /* Frameworks */ = {
			isa = PBXFrameworksBuildPhase;
			buildActionMask = 2147483647;
			files = (
				AD96B8849CE61CF128853A0A /* Pods_project_kaerus_firebase.framework in Frameworks */,
			);
			runOnlyForDeploymentPostprocessing = 0;
		};
		6989E3E01D396703003924EC /* Frameworks */ = {
			isa = PBXFrameworksBuildPhase;
			buildActionMask = 2147483647;
			files = (
				FF214860D4F7733C24CC41C0 /* Pods_project_kaerus_firebaseTests.framework in Frameworks */,
			);
			runOnlyForDeploymentPostprocessing = 0;
		};
/* End PBXFrameworksBuildPhase section */

/* Begin PBXGroup section */
		441565C4154139D4F52AC21A /* Frameworks */ = {
			isa = PBXGroup;
			children = (
				872CD3B5D4DCD3678683729F /* Pods_project_kaerus_firebase.framework */,
				B9EBD48FA057AD7DFA700BE7 /* Pods_project_kaerus_firebaseTests.framework */,
			);
			name = Frameworks;
			sourceTree = "<group>";
		};
		690E343F1D3972B400C284D5 /* plist */ = {
			isa = PBXGroup;
			children = (
				6989E3DE1D396703003924EC /* Info.plist */,
				690E343D1D3972B000C284D5 /* GoogleService-Info.plist */,
			);
			name = plist;
			sourceTree = "<group>";
		};
		690E34401D3972BF00C284D5 /* Layouts */ = {
			isa = PBXGroup;
			children = (
				6989E3D61D396703003924EC /* Main.storyboard */,
				694DB1191D397E3900570A6B /* LaunchScreen.xib */,
			);
			name = Layouts;
			sourceTree = "<group>";
		};
		690E34411D3972C600C284D5 /* Controllers */ = {
			isa = PBXGroup;
			children = (
				694DB10A1D3976F400570A6B /* LoginViewController.swift */,
				697322971D4C739E000F512D /* DeadlinesListTableViewController.swift */,
				697322951D4C7374000F512D /* AddDeadlineViewController.swift */,
				6989E3D41D396703003924EC /* ChatViewController.swift */,
				696287B11D3AED33000F94F2 /* SettingsTableViewController.swift */,
				6973228F1D4C5983000F512D /* ManagePartnerViewController.swift */,
			);
			name = Controllers;
			sourceTree = "<group>";
		};
		694DB1111D39770300570A6B /* Models */ = {
			isa = PBXGroup;
			children = (
				696287C41D3D4763000F94F2 /* FriendData.swift */,
				697322991D4C7408000F512D /* Deadline.swift */,
			);
			name = Models;
			sourceTree = "<group>";
		};
		694DB1121D39771E00570A6B /* Others */ = {
			isa = PBXGroup;
			children = (
				6989E3D01D396703003924EC /* AppDelegate.swift */,
				694DB1131D39775B00570A6B /* AppState.swift */,
				694DB1141D39775B00570A6B /* Constants.swift */,
				694DB1151D39775B00570A6B /* MeasurementHelper.swift */,
			);
			name = Others;
			sourceTree = "<group>";
		};
		696287BD1D3C80C8000F94F2 /* Cells */ = {
			isa = PBXGroup;
			children = (
				696287BE1D3C8136000F94F2 /* FindFriendsTableViewCell.swift */,
				6973229A1D4C7408000F512D /* DeadlinesTableViewCell.swift */,
			);
			name = Cells;
			sourceTree = "<group>";
		};
		6989E3C41D396703003924EC = {
			isa = PBXGroup;
			children = (
				6989E3CF1D396703003924EC /* project-kaerus-firebase */,
				6989E3E61D396703003924EC /* project-kaerus-firebaseTests */,
				6989E3CE1D396703003924EC /* Products */,
				7C4969BA89E3A8E60FE38584 /* Pods */,
				441565C4154139D4F52AC21A /* Frameworks */,
			);
			sourceTree = "<group>";
		};
		6989E3CE1D396703003924EC /* Products */ = {
			isa = PBXGroup;
			children = (
				6989E3CD1D396703003924EC /* project-kaerus-firebase.app */,
				6989E3E31D396703003924EC /* project-kaerus-firebaseTests.xctest */,
			);
			name = Products;
			sourceTree = "<group>";
		};
		6989E3CF1D396703003924EC /* project-kaerus-firebase */ = {
			isa = PBXGroup;
			children = (
				696287BD1D3C80C8000F94F2 /* Cells */,
				694DB1111D39770300570A6B /* Models */,
				690E34411D3972C600C284D5 /* Controllers */,
				694DB1121D39771E00570A6B /* Others */,
				690E34401D3972BF00C284D5 /* Layouts */,
				6989E3D91D396703003924EC /* Assets.xcassets */,
				690E343F1D3972B400C284D5 /* plist */,
			);
			path = "project-kaerus-firebase";
			sourceTree = "<group>";
		};
		6989E3E61D396703003924EC /* project-kaerus-firebaseTests */ = {
			isa = PBXGroup;
			children = (
				6989E3E71D396703003924EC /* project_kaerus_firebaseTests.swift */,
				6989E3E91D396703003924EC /* Info.plist */,
			);
			path = "project-kaerus-firebaseTests";
			sourceTree = "<group>";
		};
		7C4969BA89E3A8E60FE38584 /* Pods */ = {
			isa = PBXGroup;
			children = (
				4C6732AC67B779C1B229FB63 /* Pods-project-kaerus-firebase.debug.xcconfig */,
				D4D68677377F84113A90F3D9 /* Pods-project-kaerus-firebase.release.xcconfig */,
				FB11A42E78FAC540F02CCE63 /* Pods-project-kaerus-firebaseTests.debug.xcconfig */,
				186C369AA16C5D6A9562B90A /* Pods-project-kaerus-firebaseTests.release.xcconfig */,
			);
			name = Pods;
			sourceTree = "<group>";
		};
/* End PBXGroup section */

/* Begin PBXNativeTarget section */
		6989E3CC1D396703003924EC /* project-kaerus-firebase */ = {
			isa = PBXNativeTarget;
			buildConfigurationList = 6989E3EC1D396703003924EC /* Build configuration list for PBXNativeTarget "project-kaerus-firebase" */;
			buildPhases = (
				3E4F7497BD3492657C002065 /* [CP] Check Pods Manifest.lock */,
				6989E3C91D396703003924EC /* Sources */,
				6989E3CA1D396703003924EC /* Frameworks */,
				6989E3CB1D396703003924EC /* Resources */,
				745AAE8AF6D5C74F96AF382D /* [CP] Embed Pods Frameworks */,
				AC926452FA3347AA1EC7F91C /* [CP] Copy Pods Resources */,
			);
			buildRules = (
			);
			dependencies = (
			);
			name = "project-kaerus-firebase";
			productName = "project-kaerus-firebase";
			productReference = 6989E3CD1D396703003924EC /* project-kaerus-firebase.app */;
			productType = "com.apple.product-type.application";
		};
		6989E3E21D396703003924EC /* project-kaerus-firebaseTests */ = {
			isa = PBXNativeTarget;
			buildConfigurationList = 6989E3EF1D396703003924EC /* Build configuration list for PBXNativeTarget "project-kaerus-firebaseTests" */;
			buildPhases = (
				C5797535CBC8D8D5BE88B6A4 /* [CP] Check Pods Manifest.lock */,
				6989E3DF1D396703003924EC /* Sources */,
				6989E3E01D396703003924EC /* Frameworks */,
				6989E3E11D396703003924EC /* Resources */,
				EC9E656DB1683951DFC8C4B4 /* [CP] Embed Pods Frameworks */,
				8B96FBCD1B41FB0398776FF1 /* [CP] Copy Pods Resources */,
			);
			buildRules = (
			);
			dependencies = (
				6989E3E51D396703003924EC /* PBXTargetDependency */,
			);
			name = "project-kaerus-firebaseTests";
			productName = "project-kaerus-firebaseTests";
			productReference = 6989E3E31D396703003924EC /* project-kaerus-firebaseTests.xctest */;
			productType = "com.apple.product-type.bundle.unit-test";
		};
/* End PBXNativeTarget section */

/* Begin PBXProject section */
		6989E3C51D396703003924EC /* Project object */ = {
			isa = PBXProject;
			attributes = {
				LastSwiftUpdateCheck = 0730;
				LastUpgradeCheck = 0730;
				ORGANIZATIONNAME = "Brandon Chen";
				TargetAttributes = {
					6989E3CC1D396703003924EC = {
						CreatedOnToolsVersion = 7.3.1;
						DevelopmentTeam = F3DYF6WPH8;
					};
					6989E3E21D396703003924EC = {
						CreatedOnToolsVersion = 7.3.1;
						DevelopmentTeam = XJAMTQ66LZ;
						TestTargetID = 6989E3CC1D396703003924EC;
					};
				};
			};
			buildConfigurationList = 6989E3C81D396703003924EC /* Build configuration list for PBXProject "project-kaerus-firebase" */;
			compatibilityVersion = "Xcode 3.2";
			developmentRegion = English;
			hasScannedForEncodings = 0;
			knownRegions = (
				en,
				Base,
			);
			mainGroup = 6989E3C41D396703003924EC;
			productRefGroup = 6989E3CE1D396703003924EC /* Products */;
			projectDirPath = "";
			projectRoot = "";
			targets = (
				6989E3CC1D396703003924EC /* project-kaerus-firebase */,
				6989E3E21D396703003924EC /* project-kaerus-firebaseTests */,
			);
		};
/* End PBXProject section */

/* Begin PBXResourcesBuildPhase section */
		6989E3CB1D396703003924EC /* Resources */ = {
			isa = PBXResourcesBuildPhase;
			buildActionMask = 2147483647;
			files = (
				694DB11B1D397E3A00570A6B /* LaunchScreen.xib in Resources */,
				690E343E1D3972B000C284D5 /* GoogleService-Info.plist in Resources */,
				6989E3DA1D396703003924EC /* Assets.xcassets in Resources */,
				6989E3D81D396703003924EC /* Main.storyboard in Resources */,
			);
			runOnlyForDeploymentPostprocessing = 0;
		};
		6989E3E11D396703003924EC /* Resources */ = {
			isa = PBXResourcesBuildPhase;
			buildActionMask = 2147483647;
			files = (
			);
			runOnlyForDeploymentPostprocessing = 0;
		};
/* End PBXResourcesBuildPhase section */

/* Begin PBXShellScriptBuildPhase section */
		3E4F7497BD3492657C002065 /* [CP] Check Pods Manifest.lock */ = {
			isa = PBXShellScriptBuildPhase;
			buildActionMask = 2147483647;
			files = (
			);
			inputPaths = (
			);
			name = "[CP] Check Pods Manifest.lock";
			outputPaths = (
			);
			runOnlyForDeploymentPostprocessing = 0;
			shellPath = /bin/sh;
			shellScript = "diff \"${PODS_ROOT}/../Podfile.lock\" \"${PODS_ROOT}/Manifest.lock\" > /dev/null\nif [[ $? != 0 ]] ; then\n    cat << EOM\nerror: The sandbox is not in sync with the Podfile.lock. Run 'pod install' or update your CocoaPods installation.\nEOM\n    exit 1\nfi\n";
			showEnvVarsInLog = 0;
		};
		745AAE8AF6D5C74F96AF382D /* [CP] Embed Pods Frameworks */ = {
			isa = PBXShellScriptBuildPhase;
			buildActionMask = 2147483647;
			files = (
			);
			inputPaths = (
			);
			name = "[CP] Embed Pods Frameworks";
			outputPaths = (
			);
			runOnlyForDeploymentPostprocessing = 0;
			shellPath = /bin/sh;
			shellScript = "\"${SRCROOT}/Pods/Target Support Files/Pods-project-kaerus-firebase/Pods-project-kaerus-firebase-frameworks.sh\"\n";
			showEnvVarsInLog = 0;
		};
		8B96FBCD1B41FB0398776FF1 /* [CP] Copy Pods Resources */ = {
			isa = PBXShellScriptBuildPhase;
			buildActionMask = 2147483647;
			files = (
			);
			inputPaths = (
			);
			name = "[CP] Copy Pods Resources";
			outputPaths = (
			);
			runOnlyForDeploymentPostprocessing = 0;
			shellPath = /bin/sh;
			shellScript = "\"${SRCROOT}/Pods/Target Support Files/Pods-project-kaerus-firebaseTests/Pods-project-kaerus-firebaseTests-resources.sh\"\n";
			showEnvVarsInLog = 0;
		};
		AC926452FA3347AA1EC7F91C /* [CP] Copy Pods Resources */ = {
			isa = PBXShellScriptBuildPhase;
			buildActionMask = 2147483647;
			files = (
			);
			inputPaths = (
			);
			name = "[CP] Copy Pods Resources";
			outputPaths = (
			);
			runOnlyForDeploymentPostprocessing = 0;
			shellPath = /bin/sh;
			shellScript = "\"${SRCROOT}/Pods/Target Support Files/Pods-project-kaerus-firebase/Pods-project-kaerus-firebase-resources.sh\"\n";
			showEnvVarsInLog = 0;
		};
		C5797535CBC8D8D5BE88B6A4 /* [CP] Check Pods Manifest.lock */ = {
			isa = PBXShellScriptBuildPhase;
			buildActionMask = 2147483647;
			files = (
			);
			inputPaths = (
			);
			name = "[CP] Check Pods Manifest.lock";
			outputPaths = (
			);
			runOnlyForDeploymentPostprocessing = 0;
			shellPath = /bin/sh;
			shellScript = "diff \"${PODS_ROOT}/../Podfile.lock\" \"${PODS_ROOT}/Manifest.lock\" > /dev/null\nif [[ $? != 0 ]] ; then\n    cat << EOM\nerror: The sandbox is not in sync with the Podfile.lock. Run 'pod install' or update your CocoaPods installation.\nEOM\n    exit 1\nfi\n";
			showEnvVarsInLog = 0;
		};
		EC9E656DB1683951DFC8C4B4 /* [CP] Embed Pods Frameworks */ = {
			isa = PBXShellScriptBuildPhase;
			buildActionMask = 2147483647;
			files = (
			);
			inputPaths = (
			);
			name = "[CP] Embed Pods Frameworks";
			outputPaths = (
			);
			runOnlyForDeploymentPostprocessing = 0;
			shellPath = /bin/sh;
			shellScript = "\"${SRCROOT}/Pods/Target Support Files/Pods-project-kaerus-firebaseTests/Pods-project-kaerus-firebaseTests-frameworks.sh\"\n";
			showEnvVarsInLog = 0;
		};
/* End PBXShellScriptBuildPhase section */

/* Begin PBXSourcesBuildPhase section */
		6989E3C91D396703003924EC /* Sources */ = {
			isa = PBXSourcesBuildPhase;
			buildActionMask = 2147483647;
			files = (
				697322901D4C5983000F512D /* ManagePartnerViewController.swift in Sources */,
				696287BF1D3C8136000F94F2 /* FindFriendsTableViewCell.swift in Sources */,
				696287C51D3D4763000F94F2 /* FriendData.swift in Sources */,
				6989E3D51D396703003924EC /* ChatViewController.swift in Sources */,
				694DB1161D39775B00570A6B /* AppState.swift in Sources */,
				6989E3D11D396703003924EC /* AppDelegate.swift in Sources */,
				6973229C1D4C7408000F512D /* DeadlinesTableViewCell.swift in Sources */,
				697322961D4C7374000F512D /* AddDeadlineViewController.swift in Sources */,
				697322981D4C739E000F512D /* DeadlinesListTableViewController.swift in Sources */,
				694DB10E1D3976F400570A6B /* LoginViewController.swift in Sources */,
				694DB1181D39775B00570A6B /* MeasurementHelper.swift in Sources */,
				694DB1171D39775B00570A6B /* Constants.swift in Sources */,
				696287B31D3AED33000F94F2 /* SettingsTableViewController.swift in Sources */,
				6973229B1D4C7408000F512D /* Deadline.swift in Sources */,
			);
			runOnlyForDeploymentPostprocessing = 0;
		};
		6989E3DF1D396703003924EC /* Sources */ = {
			isa = PBXSourcesBuildPhase;
			buildActionMask = 2147483647;
			files = (
				6989E3E81D396703003924EC /* project_kaerus_firebaseTests.swift in Sources */,
			);
			runOnlyForDeploymentPostprocessing = 0;
		};
/* End PBXSourcesBuildPhase section */

/* Begin PBXTargetDependency section */
		6989E3E51D396703003924EC /* PBXTargetDependency */ = {
			isa = PBXTargetDependency;
			target = 6989E3CC1D396703003924EC /* project-kaerus-firebase */;
			targetProxy = 6989E3E41D396703003924EC /* PBXContainerItemProxy */;
		};
/* End PBXTargetDependency section */

/* Begin PBXVariantGroup section */
		694DB1191D397E3900570A6B /* LaunchScreen.xib */ = {
			isa = PBXVariantGroup;
			children = (
				694DB11A1D397E3A00570A6B /* Base */,
			);
			name = LaunchScreen.xib;
			sourceTree = "<group>";
		};
		6989E3D61D396703003924EC /* Main.storyboard */ = {
			isa = PBXVariantGroup;
			children = (
				6989E3D71D396703003924EC /* Base */,
			);
			name = Main.storyboard;
			sourceTree = "<group>";
		};
/* End PBXVariantGroup section */

/* Begin XCBuildConfiguration section */
		6989E3EA1D396703003924EC /* Debug */ = {
			isa = XCBuildConfiguration;
			buildSettings = {
				ALWAYS_SEARCH_USER_PATHS = NO;
				CLANG_ANALYZER_NONNULL = YES;
				CLANG_CXX_LANGUAGE_STANDARD = "gnu++0x";
				CLANG_CXX_LIBRARY = "libc++";
				CLANG_ENABLE_MODULES = YES;
				CLANG_ENABLE_OBJC_ARC = YES;
				CLANG_WARN_BOOL_CONVERSION = YES;
				CLANG_WARN_CONSTANT_CONVERSION = YES;
				CLANG_WARN_DIRECT_OBJC_ISA_USAGE = YES_ERROR;
				CLANG_WARN_EMPTY_BODY = YES;
				CLANG_WARN_ENUM_CONVERSION = YES;
				CLANG_WARN_INT_CONVERSION = YES;
				CLANG_WARN_OBJC_ROOT_CLASS = YES_ERROR;
				CLANG_WARN_UNREACHABLE_CODE = YES;
				CLANG_WARN__DUPLICATE_METHOD_MATCH = YES;
				"CODE_SIGN_IDENTITY[sdk=iphoneos*]" = "iPhone Developer";
				COPY_PHASE_STRIP = NO;
				DEBUG_INFORMATION_FORMAT = dwarf;
				ENABLE_STRICT_OBJC_MSGSEND = YES;
				ENABLE_TESTABILITY = YES;
				GCC_C_LANGUAGE_STANDARD = gnu99;
				GCC_DYNAMIC_NO_PIC = NO;
				GCC_NO_COMMON_BLOCKS = YES;
				GCC_OPTIMIZATION_LEVEL = 0;
				GCC_PREPROCESSOR_DEFINITIONS = (
					"DEBUG=1",
					"$(inherited)",
				);
				GCC_WARN_64_TO_32_BIT_CONVERSION = YES;
				GCC_WARN_ABOUT_RETURN_TYPE = YES_ERROR;
				GCC_WARN_UNDECLARED_SELECTOR = YES;
				GCC_WARN_UNINITIALIZED_AUTOS = YES_AGGRESSIVE;
				GCC_WARN_UNUSED_FUNCTION = YES;
				GCC_WARN_UNUSED_VARIABLE = YES;
				IPHONEOS_DEPLOYMENT_TARGET = 9.3;
				MTL_ENABLE_DEBUG_INFO = YES;
				ONLY_ACTIVE_ARCH = YES;
				SDKROOT = iphoneos;
				SWIFT_OPTIMIZATION_LEVEL = "-Onone";
				TARGETED_DEVICE_FAMILY = "1,2";
			};
			name = Debug;
		};
		6989E3EB1D396703003924EC /* Release */ = {
			isa = XCBuildConfiguration;
			buildSettings = {
				ALWAYS_SEARCH_USER_PATHS = NO;
				CLANG_ANALYZER_NONNULL = YES;
				CLANG_CXX_LANGUAGE_STANDARD = "gnu++0x";
				CLANG_CXX_LIBRARY = "libc++";
				CLANG_ENABLE_MODULES = YES;
				CLANG_ENABLE_OBJC_ARC = YES;
				CLANG_WARN_BOOL_CONVERSION = YES;
				CLANG_WARN_CONSTANT_CONVERSION = YES;
				CLANG_WARN_DIRECT_OBJC_ISA_USAGE = YES_ERROR;
				CLANG_WARN_EMPTY_BODY = YES;
				CLANG_WARN_ENUM_CONVERSION = YES;
				CLANG_WARN_INT_CONVERSION = YES;
				CLANG_WARN_OBJC_ROOT_CLASS = YES_ERROR;
				CLANG_WARN_UNREACHABLE_CODE = YES;
				CLANG_WARN__DUPLICATE_METHOD_MATCH = YES;
				"CODE_SIGN_IDENTITY[sdk=iphoneos*]" = "iPhone Developer";
				COPY_PHASE_STRIP = NO;
				DEBUG_INFORMATION_FORMAT = "dwarf-with-dsym";
				ENABLE_NS_ASSERTIONS = NO;
				ENABLE_STRICT_OBJC_MSGSEND = YES;
				GCC_C_LANGUAGE_STANDARD = gnu99;
				GCC_NO_COMMON_BLOCKS = YES;
				GCC_WARN_64_TO_32_BIT_CONVERSION = YES;
				GCC_WARN_ABOUT_RETURN_TYPE = YES_ERROR;
				GCC_WARN_UNDECLARED_SELECTOR = YES;
				GCC_WARN_UNINITIALIZED_AUTOS = YES_AGGRESSIVE;
				GCC_WARN_UNUSED_FUNCTION = YES;
				GCC_WARN_UNUSED_VARIABLE = YES;
				IPHONEOS_DEPLOYMENT_TARGET = 9.3;
				MTL_ENABLE_DEBUG_INFO = NO;
				SDKROOT = iphoneos;
				TARGETED_DEVICE_FAMILY = "1,2";
				VALIDATE_PRODUCT = YES;
			};
			name = Release;
		};
		6989E3ED1D396703003924EC /* Debug */ = {
			isa = XCBuildConfiguration;
			baseConfigurationReference = 4C6732AC67B779C1B229FB63 /* Pods-project-kaerus-firebase.debug.xcconfig */;
			buildSettings = {
				ASSETCATALOG_COMPILER_APPICON_NAME = AppIcon;
				CODE_SIGN_IDENTITY = "iPhone Developer";
				INFOPLIST_FILE = "project-kaerus-firebase/Info.plist";
				IPHONEOS_DEPLOYMENT_TARGET = 9.0;
				LD_RUNPATH_SEARCH_PATHS = "$(inherited) @executable_path/Frameworks";
				PRODUCT_BUNDLE_IDENTIFIER = "com.projectkaerus.project-kaerus";
				PRODUCT_NAME = "$(TARGET_NAME)";
			};
			name = Debug;
		};
		6989E3EE1D396703003924EC /* Release */ = {
			isa = XCBuildConfiguration;
			baseConfigurationReference = D4D68677377F84113A90F3D9 /* Pods-project-kaerus-firebase.release.xcconfig */;
			buildSettings = {
				ASSETCATALOG_COMPILER_APPICON_NAME = AppIcon;
				CODE_SIGN_IDENTITY = "iPhone Developer";
				INFOPLIST_FILE = "project-kaerus-firebase/Info.plist";
				IPHONEOS_DEPLOYMENT_TARGET = 9.0;
				LD_RUNPATH_SEARCH_PATHS = "$(inherited) @executable_path/Frameworks";
				PRODUCT_BUNDLE_IDENTIFIER = "com.projectkaerus.project-kaerus";
				PRODUCT_NAME = "$(TARGET_NAME)";
			};
			name = Release;
		};
		6989E3F01D396703003924EC /* Debug */ = {
			isa = XCBuildConfiguration;
			baseConfigurationReference = FB11A42E78FAC540F02CCE63 /* Pods-project-kaerus-firebaseTests.debug.xcconfig */;
			buildSettings = {
				BUNDLE_LOADER = "$(TEST_HOST)";
				INFOPLIST_FILE = "project-kaerus-firebaseTests/Info.plist";
				LD_RUNPATH_SEARCH_PATHS = "$(inherited) @executable_path/Frameworks @loader_path/Frameworks";
				PRODUCT_BUNDLE_IDENTIFIER = "com.projectkaerus.project-kaerus-firebaseTests";
				PRODUCT_NAME = "$(TARGET_NAME)";
				TEST_HOST = "$(BUILT_PRODUCTS_DIR)/project-kaerus-firebase.app/project-kaerus-firebase";
			};
			name = Debug;
		};
		6989E3F11D396703003924EC /* Release */ = {
			isa = XCBuildConfiguration;
			baseConfigurationReference = 186C369AA16C5D6A9562B90A /* Pods-project-kaerus-firebaseTests.release.xcconfig */;
			buildSettings = {
				BUNDLE_LOADER = "$(TEST_HOST)";
				INFOPLIST_FILE = "project-kaerus-firebaseTests/Info.plist";
				LD_RUNPATH_SEARCH_PATHS = "$(inherited) @executable_path/Frameworks @loader_path/Frameworks";
				PRODUCT_BUNDLE_IDENTIFIER = "com.projectkaerus.project-kaerus-firebaseTests";
				PRODUCT_NAME = "$(TARGET_NAME)";
				TEST_HOST = "$(BUILT_PRODUCTS_DIR)/project-kaerus-firebase.app/project-kaerus-firebase";
			};
			name = Release;
		};
/* End XCBuildConfiguration section */

/* Begin XCConfigurationList section */
		6989E3C81D396703003924EC /* Build configuration list for PBXProject "project-kaerus-firebase" */ = {
			isa = XCConfigurationList;
			buildConfigurations = (
				6989E3EA1D396703003924EC /* Debug */,
				6989E3EB1D396703003924EC /* Release */,
			);
			defaultConfigurationIsVisible = 0;
			defaultConfigurationName = Release;
		};
		6989E3EC1D396703003924EC /* Build configuration list for PBXNativeTarget "project-kaerus-firebase" */ = {
			isa = XCConfigurationList;
			buildConfigurations = (
				6989E3ED1D396703003924EC /* Debug */,
				6989E3EE1D396703003924EC /* Release */,
			);
			defaultConfigurationIsVisible = 0;
			defaultConfigurationName = Release;
		};
		6989E3EF1D396703003924EC /* Build configuration list for PBXNativeTarget "project-kaerus-firebaseTests" */ = {
			isa = XCConfigurationList;
			buildConfigurations = (
				6989E3F01D396703003924EC /* Debug */,
				6989E3F11D396703003924EC /* Release */,
			);
			defaultConfigurationIsVisible = 0;
			defaultConfigurationName = Release;
		};
/* End XCConfigurationList section */
	};
	rootObject = 6989E3C51D396703003924EC /* Project object */;
}
